
Microsoft Visual Studio Solution File, Format Version 12.00
# Visual Studio Version 17
VisualStudioVersion = 17.9.34407.89
MinimumVisualStudioVersion = 10.0.40219.1
Project("{FAE04EC0-301F-11D3-BF4B-00C04F79EFBC}") = "ConsoleLiskovPrinciple", "ConsoleLiskovPrinciple.csproj", "{9722FAC2-52C1-4182-816E-91576EC1347E}"
EndProject
Global
	GlobalSection(SolutionConfigurationPlatforms) = preSolution
		Debug|Any CPU = Debug|Any CPU
		Release|Any CPU = Release|Any CPU
	EndGlobalSection
	GlobalSection(ProjectConfigurationPlatforms) = postSolution
		{9722FAC2-52C1-4182-816E-91576EC1347E}.Debug|Any CPU.ActiveCfg = Debug|Any CPU
		{9722FAC2-52C1-4182-816E-91576EC1347E}.Debug|Any CPU.Build.0 = Debug|Any CPU
		{9722FAC2-52C1-4182-816E-91576EC1347E}.Release|Any CPU.ActiveCfg = Release|Any CPU
		{9722FAC2-52C1-4182-816E-91576EC1347E}.Release|Any CPU.Build.0 = Release|Any CPU
	EndGlobalSection
	GlobalSection(SolutionProperties) = preSolution
		HideSolutionNode = FALSE
	EndGlobalSection
	GlobalSection(ExtensibilityGlobals) = postSolution
		SolutionGuid = {2F7B881B-3FB6-4C70-A387-61E6CA9E2F80}
	EndGlobalSection
EndGlobal
